
Microsoft Visual Studio Solution File, Format Version 12.00
# Visual Studio 15
VisualStudioVersion = 15.0.26606.0
MinimumVisualStudioVersion = 10.0.40219.1
Project("{9A19103F-16F7-4668-BE54-9A1E7A4F7556}") = "YouTubeWatcher", "YouTubeFunction\YouTubeWatcher.csproj", "{D8C0DB69-6BDB-4602-B3D0-0839A0E6D196}"
EndProject
Project("{9A19103F-16F7-4668-BE54-9A1E7A4F7556}") = "Youtube", "..\Youtube\Youtube.csproj", "{82ACD0A5-16F9-4134-A886-A48E2A0B1D53}"
EndProject
Project("{9A19103F-16F7-4668-BE54-9A1E7A4F7556}") = "Slack", "..\Slack\Slack.csproj", "{1C48091B-7DD9-4FEE-9108-E40A0B9409CE}"
EndProject
Project("{9A19103F-16F7-4668-BE54-9A1E7A4F7556}") = "Social", "..\Social\Social.csproj", "{C15FC45A-59FA-4C87-8E4C-B935AB122A2E}"
EndProject
Global
	GlobalSection(SolutionConfigurationPlatforms) = preSolution
		Debug|Any CPU = Debug|Any CPU
		Release|Any CPU = Release|Any CPU
	EndGlobalSection
	GlobalSection(ProjectConfigurationPlatforms) = postSolution
		{D8C0DB69-6BDB-4602-B3D0-0839A0E6D196}.Debug|Any CPU.ActiveCfg = Debug|Any CPU
		{D8C0DB69-6BDB-4602-B3D0-0839A0E6D196}.Debug|Any CPU.Build.0 = Debug|Any CPU
		{D8C0DB69-6BDB-4602-B3D0-0839A0E6D196}.Release|Any CPU.ActiveCfg = Release|Any CPU
		{D8C0DB69-6BDB-4602-B3D0-0839A0E6D196}.Release|Any CPU.Build.0 = Release|Any CPU
		{82ACD0A5-16F9-4134-A886-A48E2A0B1D53}.Debug|Any CPU.ActiveCfg = Debug|Any CPU
		{82ACD0A5-16F9-4134-A886-A48E2A0B1D53}.Debug|Any CPU.Build.0 = Debug|Any CPU
		{82ACD0A5-16F9-4134-A886-A48E2A0B1D53}.Release|Any CPU.ActiveCfg = Release|Any CPU
		{82ACD0A5-16F9-4134-A886-A48E2A0B1D53}.Release|Any CPU.Build.0 = Release|Any CPU
		{1C48091B-7DD9-4FEE-9108-E40A0B9409CE}.Debug|Any CPU.ActiveCfg = Debug|Any CPU
		{1C48091B-7DD9-4FEE-9108-E40A0B9409CE}.Debug|Any CPU.Build.0 = Debug|Any CPU
		{1C48091B-7DD9-4FEE-9108-E40A0B9409CE}.Release|Any CPU.ActiveCfg = Release|Any CPU
		{1C48091B-7DD9-4FEE-9108-E40A0B9409CE}.Release|Any CPU.Build.0 = Release|Any CPU
		{C15FC45A-59FA-4C87-8E4C-B935AB122A2E}.Debug|Any CPU.ActiveCfg = Debug|Any CPU
		{C15FC45A-59FA-4C87-8E4C-B935AB122A2E}.Debug|Any CPU.Build.0 = Debug|Any CPU
		{C15FC45A-59FA-4C87-8E4C-B935AB122A2E}.Release|Any CPU.ActiveCfg = Release|Any CPU
		{C15FC45A-59FA-4C87-8E4C-B935AB122A2E}.Release|Any CPU.Build.0 = Release|Any CPU
	EndGlobalSection
	GlobalSection(SolutionProperties) = preSolution
		HideSolutionNode = FALSE
	EndGlobalSection
EndGlobal
